
Microsoft Visual Studio Solution File, Format Version 12.00
# Visual Studio 15
VisualStudioVersion = 15.0.28307.421
MinimumVisualStudioVersion = 10.0.40219.1
Project("{FAE04EC0-301F-11D3-BF4B-00C04F79EFBC}") = "EntityFrameworkTablePerType", "EntityFrameworkTablePerType\EntityFrameworkTablePerType.csproj", "{A74F2844-400C-4EE9-95C8-751D9A77820E}"
EndProject
Global
	GlobalSection(SolutionConfigurationPlatforms) = preSolution
		Debug|Any CPU = Debug|Any CPU
		Release|Any CPU = Release|Any CPU
	EndGlobalSection
	GlobalSection(ProjectConfigurationPlatforms) = postSolution
		{A74F2844-400C-4EE9-95C8-751D9A77820E}.Debug|Any CPU.ActiveCfg = Debug|Any CPU
		{A74F2844-400C-4EE9-95C8-751D9A77820E}.Debug|Any CPU.Build.0 = Debug|Any CPU
		{A74F2844-400C-4EE9-95C8-751D9A77820E}.Release|Any CPU.ActiveCfg = Release|Any CPU
		{A74F2844-400C-4EE9-95C8-751D9A77820E}.Release|Any CPU.Build.0 = Release|Any CPU
	EndGlobalSection
	GlobalSection(SolutionProperties) = preSolution
		HideSolutionNode = FALSE
	EndGlobalSection
	GlobalSection(ExtensibilityGlobals) = postSolution
		SolutionGuid = {3E70400C-8C4F-4E9B-A0F6-405F3C5A8EE9}
	EndGlobalSection
EndGlobal
